
Microsoft Visual Studio Solution File, Format Version 12.00
Project("{FAE04EC0-301F-11D3-BF4B-00C04F79EFBC}") = "NumberGenerators", "NumberGenerators\NumberGenerators.csproj", "{DA9E826D-6D7D-4685-858B-574616A9CF86}"
EndProject
Project("{FAE04EC0-301F-11D3-BF4B-00C04F79EFBC}") = "Tests", "Tests\Tests.csproj", "{608E1891-8DF4-4B83-AC55-8D6AB81D6F6B}"
EndProject
Global
	GlobalSection(SolutionConfigurationPlatforms) = preSolution
		Debug|Any CPU = Debug|Any CPU
		Release|Any CPU = Release|Any CPU
	EndGlobalSection
	GlobalSection(ProjectConfigurationPlatforms) = postSolution
		{DA9E826D-6D7D-4685-858B-574616A9CF86}.Debug|Any CPU.ActiveCfg = Debug|Any CPU
		{DA9E826D-6D7D-4685-858B-574616A9CF86}.Debug|Any CPU.Build.0 = Debug|Any CPU
		{DA9E826D-6D7D-4685-858B-574616A9CF86}.Release|Any CPU.ActiveCfg = Release|Any CPU
		{DA9E826D-6D7D-4685-858B-574616A9CF86}.Release|Any CPU.Build.0 = Release|Any CPU
		{608E1891-8DF4-4B83-AC55-8D6AB81D6F6B}.Debug|Any CPU.ActiveCfg = Debug|Any CPU
		{608E1891-8DF4-4B83-AC55-8D6AB81D6F6B}.Debug|Any CPU.Build.0 = Debug|Any CPU
		{608E1891-8DF4-4B83-AC55-8D6AB81D6F6B}.Release|Any CPU.ActiveCfg = Release|Any CPU
		{608E1891-8DF4-4B83-AC55-8D6AB81D6F6B}.Release|Any CPU.Build.0 = Release|Any CPU
	EndGlobalSection
EndGlobal
